
Microsoft Visual Studio Solution File, Format Version 12.00
# Visual Studio Version 17
VisualStudioVersion = 17.10.35027.167
MinimumVisualStudioVersion = 10.0.40219.1
Project("{FAE04EC0-301F-11D3-BF4B-00C04F79EFBC}") = "IlkSininfimiziOlusturuyoruz", "IlkSininfimiziOlusturuyoruz\IlkSininfimiziOlusturuyoruz.csproj", "{1F559709-F47E-4663-9711-2B6E0B628348}"
EndProject
Global
	GlobalSection(SolutionConfigurationPlatforms) = preSolution
		Debug|Any CPU = Debug|Any CPU
		Release|Any CPU = Release|Any CPU
	EndGlobalSection
	GlobalSection(ProjectConfigurationPlatforms) = postSolution
		{1F559709-F47E-4663-9711-2B6E0B628348}.Debug|Any CPU.ActiveCfg = Debug|Any CPU
		{1F559709-F47E-4663-9711-2B6E0B628348}.Debug|Any CPU.Build.0 = Debug|Any CPU
		{1F559709-F47E-4663-9711-2B6E0B628348}.Release|Any CPU.ActiveCfg = Release|Any CPU
		{1F559709-F47E-4663-9711-2B6E0B628348}.Release|Any CPU.Build.0 = Release|Any CPU
	EndGlobalSection
	GlobalSection(SolutionProperties) = preSolution
		HideSolutionNode = FALSE
	EndGlobalSection
	GlobalSection(ExtensibilityGlobals) = postSolution
		SolutionGuid = {C10E2D13-D057-4CD5-94AD-1BDA1A036FAC}
	EndGlobalSection
EndGlobal
